
Microsoft Visual Studio Solution File, Format Version 12.00
# Visual Studio 2012
Project("{A99171F4-43ED-48FC-978B-9193EDE4E466}") = "ASNA.Helpers.DataServices", "ASNA.Helpers.DataServices\ASNA.Helpers.DataServices.vrproj", "{2FC9662C-7467-4B63-A8E7-C3A2DA5EF105}"
EndProject
Project("{A99171F4-43ED-48FC-978B-9193EDE4E466}") = "DataServicesTests", "DataServicesTests\DataServicesTests.vrproj", "{384A0B4F-1B83-4F03-A945-42D5C613373B}"
EndProject
Global
	GlobalSection(SolutionConfigurationPlatforms) = preSolution
		Debug|Any CPU = Debug|Any CPU
		Release|Any CPU = Release|Any CPU
	EndGlobalSection
	GlobalSection(ProjectConfigurationPlatforms) = postSolution
		{2FC9662C-7467-4B63-A8E7-C3A2DA5EF105}.Debug|Any CPU.ActiveCfg = Debug|Any CPU
		{2FC9662C-7467-4B63-A8E7-C3A2DA5EF105}.Debug|Any CPU.Build.0 = Debug|Any CPU
		{2FC9662C-7467-4B63-A8E7-C3A2DA5EF105}.Release|Any CPU.ActiveCfg = Release|Any CPU
		{2FC9662C-7467-4B63-A8E7-C3A2DA5EF105}.Release|Any CPU.Build.0 = Release|Any CPU
		{384A0B4F-1B83-4F03-A945-42D5C613373B}.Debug|Any CPU.ActiveCfg = Debug|Any CPU
		{384A0B4F-1B83-4F03-A945-42D5C613373B}.Debug|Any CPU.Build.0 = Debug|Any CPU
		{384A0B4F-1B83-4F03-A945-42D5C613373B}.Release|Any CPU.ActiveCfg = Release|Any CPU
		{384A0B4F-1B83-4F03-A945-42D5C613373B}.Release|Any CPU.Build.0 = Release|Any CPU
	EndGlobalSection
	GlobalSection(SolutionProperties) = preSolution
		HideSolutionNode = FALSE
	EndGlobalSection
EndGlobal
